
Microsoft Visual Studio Solution File, Format Version 12.00
# Visual Studio Version 17
VisualStudioVersion = 17.11.35312.102
MinimumVisualStudioVersion = 10.0.40219.1
Project("{FAE04EC0-301F-11D3-BF4B-00C04F79EFBC}") = "programa_academica", "programa_academica\programa_academica.csproj", "{DCD66837-4B63-45E3-A056-583ADA9FA57C}"
EndProject
Global
	GlobalSection(SolutionConfigurationPlatforms) = preSolution
		Debug|Any CPU = Debug|Any CPU
		Release|Any CPU = Release|Any CPU
	EndGlobalSection
	GlobalSection(ProjectConfigurationPlatforms) = postSolution
		{DCD66837-4B63-45E3-A056-583ADA9FA57C}.Debug|Any CPU.ActiveCfg = Debug|Any CPU
		{DCD66837-4B63-45E3-A056-583ADA9FA57C}.Debug|Any CPU.Build.0 = Debug|Any CPU
		{DCD66837-4B63-45E3-A056-583ADA9FA57C}.Release|Any CPU.ActiveCfg = Release|Any CPU
		{DCD66837-4B63-45E3-A056-583ADA9FA57C}.Release|Any CPU.Build.0 = Release|Any CPU
	EndGlobalSection
	GlobalSection(SolutionProperties) = preSolution
		HideSolutionNode = FALSE
	EndGlobalSection
	GlobalSection(ExtensibilityGlobals) = postSolution
		SolutionGuid = {B72DE824-DF9D-4275-98CD-E6E8BEE85922}
	EndGlobalSection
EndGlobal
