
Microsoft Visual Studio Solution File, Format Version 12.00
# Visual Studio Version 17
VisualStudioVersion = 17.9.34728.123
MinimumVisualStudioVersion = 10.0.40219.1
Project("{FAE04EC0-301F-11D3-BF4B-00C04F79EFBC}") = "academica", "academica\academica.csproj", "{251DAC95-1C1A-45B5-8FD9-DBF5B58BFB1F}"
EndProject
Global
	GlobalSection(SolutionConfigurationPlatforms) = preSolution
		Debug|Any CPU = Debug|Any CPU
		Release|Any CPU = Release|Any CPU
	EndGlobalSection
	GlobalSection(ProjectConfigurationPlatforms) = postSolution
		{251DAC95-1C1A-45B5-8FD9-DBF5B58BFB1F}.Debug|Any CPU.ActiveCfg = Debug|Any CPU
		{251DAC95-1C1A-45B5-8FD9-DBF5B58BFB1F}.Debug|Any CPU.Build.0 = Debug|Any CPU
		{251DAC95-1C1A-45B5-8FD9-DBF5B58BFB1F}.Release|Any CPU.ActiveCfg = Release|Any CPU
		{251DAC95-1C1A-45B5-8FD9-DBF5B58BFB1F}.Release|Any CPU.Build.0 = Release|Any CPU
	EndGlobalSection
	GlobalSection(SolutionProperties) = preSolution
		HideSolutionNode = FALSE
	EndGlobalSection
	GlobalSection(ExtensibilityGlobals) = postSolution
		SolutionGuid = {BB35B35D-229B-4E69-93D9-81FDAF062D83}
	EndGlobalSection
EndGlobal
